
Microsoft Visual Studio Solution File, Format Version 12.00
# Visual Studio Version 17
VisualStudioVersion = 17.4.33213.308
MinimumVisualStudioVersion = 10.0.40219.1
Project("{9A19103F-16F7-4668-BE54-9A1E7A4F7556}") = "WebsiteBlocker", "WebsiteBlocker\WebsiteBlocker.csproj", "{6C57EB5D-5871-4086-B8CF-566661C0F568}"
EndProject
Global
	GlobalSection(SolutionConfigurationPlatforms) = preSolution
		Debug|Any CPU = Debug|Any CPU
		Release|Any CPU = Release|Any CPU
	EndGlobalSection
	GlobalSection(ProjectConfigurationPlatforms) = postSolution
		{6C57EB5D-5871-4086-B8CF-566661C0F568}.Debug|Any CPU.ActiveCfg = Debug|Any CPU
		{6C57EB5D-5871-4086-B8CF-566661C0F568}.Debug|Any CPU.Build.0 = Debug|Any CPU
		{6C57EB5D-5871-4086-B8CF-566661C0F568}.Release|Any CPU.ActiveCfg = Release|Any CPU
		{6C57EB5D-5871-4086-B8CF-566661C0F568}.Release|Any CPU.Build.0 = Release|Any CPU
	EndGlobalSection
	GlobalSection(SolutionProperties) = preSolution
		HideSolutionNode = FALSE
	EndGlobalSection
	GlobalSection(ExtensibilityGlobals) = postSolution
		SolutionGuid = {64763A38-66FF-4117-A6D0-DA14A432815A}
	EndGlobalSection
EndGlobal
